// !$*UTF8*$!
{
	archiveVersion = 1;
	classes = {
	};
	objectVersion = 50;
	objects = {

/* Begin PBXBuildFile section */
		84724D222660910100DADC71 /* YXSwiftUIDemoApp.swift in Sources */ = {isa = PBXBuildFile; fileRef = 84724D212660910100DADC71 /* YXSwiftUIDemoApp.swift */; };
		84724D262660910400DADC71 /* Assets.xcassets in Resources */ = {isa = PBXBuildFile; fileRef = 84724D252660910400DADC71 /* Assets.xcassets */; };
		84724D292660910400DADC71 /* Preview Assets.xcassets in Resources */ = {isa = PBXBuildFile; fileRef = 84724D282660910400DADC71 /* Preview Assets.xcassets */; };
		84724D342660910500DADC71 /* YXSwiftUIDemoTests.swift in Sources */ = {isa = PBXBuildFile; fileRef = 84724D332660910500DADC71 /* YXSwiftUIDemoTests.swift */; };
		84724D3F2660910500DADC71 /* YXSwiftUIDemoUITests.swift in Sources */ = {isa = PBXBuildFile; fileRef = 84724D3E2660910500DADC71 /* YXSwiftUIDemoUITests.swift */; };
		849EA1CF2667579E00E8A41A /* CircleImgV.swift in Sources */ = {isa = PBXBuildFile; fileRef = 849EA1CC2667579E00E8A41A /* CircleImgV.swift */; };
		849EA1D02667579E00E8A41A /* MapView.swift in Sources */ = {isa = PBXBuildFile; fileRef = 849EA1CD2667579E00E8A41A /* MapView.swift */; };
		849EA1D12667579E00E8A41A /* MapDetailView.swift in Sources */ = {isa = PBXBuildFile; fileRef = 849EA1CE2667579E00E8A41A /* MapDetailView.swift */; };
		849EA1D426675BC100E8A41A /* ListView.swift in Sources */ = {isa = PBXBuildFile; fileRef = 849EA1D326675BC100E8A41A /* ListView.swift */; };
		849EA1DC26675D3B00E8A41A /* landmarkData.json in Resources */ = {isa = PBXBuildFile; fileRef = 849EA1DB26675D3B00E8A41A /* landmarkData.json */; };
		849EA1DE26675D6300E8A41A /* ListCellView.swift in Sources */ = {isa = PBXBuildFile; fileRef = 849EA1DD26675D6300E8A41A /* ListCellView.swift */; };
		849EA1E12667630C00E8A41A /* Data.swift in Sources */ = {isa = PBXBuildFile; fileRef = 849EA1DF2667630C00E8A41A /* Data.swift */; };
		849EA1E22667630C00E8A41A /* Landmark.swift in Sources */ = {isa = PBXBuildFile; fileRef = 849EA1E02667630C00E8A41A /* Landmark.swift */; };
/* End PBXBuildFile section */

/* Begin PBXContainerItemProxy section */
		84724D302660910500DADC71 /* PBXContainerItemProxy */ = {
			isa = PBXContainerItemProxy;
			containerPortal = 84724D162660910100DADC71 /* Project object */;
			proxyType = 1;
			remoteGlobalIDString = 84724D1D2660910100DADC71;
			remoteInfo = YXSwiftUIDemo;
		};
		84724D3B2660910500DADC71 /* PBXContainerItemProxy */ = {
			isa = PBXContainerItemProxy;
			containerPortal = 84724D162660910100DADC71 /* Project object */;
			proxyType = 1;
			remoteGlobalIDString = 84724D1D2660910100DADC71;
			remoteInfo = YXSwiftUIDemo;
		};
/* End PBXContainerItemProxy section */

/* Begin PBXFileReference section */
		84724D1E2660910100DADC71 /* YXSwiftUIDemo.app */ = {isa = PBXFileReference; explicitFileType = wrapper.application; includeInIndex = 0; path = YXSwiftUIDemo.app; sourceTree = BUILT_PRODUCTS_DIR; };
		84724D212660910100DADC71 /* YXSwiftUIDemoApp.swift */ = {isa = PBXFileReference; lastKnownFileType = sourcecode.swift; path = YXSwiftUIDemoApp.swift; sourceTree = "<group>"; };
		84724D252660910400DADC71 /* Assets.xcassets */ = {isa = PBXFileReference; lastKnownFileType = folder.assetcatalog; path = Assets.xcassets; sourceTree = "<group>"; };
		84724D282660910400DADC71 /* Preview Assets.xcassets */ = {isa = PBXFileReference; lastKnownFileType = folder.assetcatalog; path = "Preview Assets.xcassets"; sourceTree = "<group>"; };
		84724D2A2660910400DADC71 /* Info.plist */ = {isa = PBXFileReference; lastKnownFileType = text.plist.xml; path = Info.plist; sourceTree = "<group>"; };
		84724D2F2660910500DADC71 /* YXSwiftUIDemoTests.xctest */ = {isa = PBXFileReference; explicitFileType = wrapper.cfbundle; includeInIndex = 0; path = YXSwiftUIDemoTests.xctest; sourceTree = BUILT_PRODUCTS_DIR; };
		84724D332660910500DADC71 /* YXSwiftUIDemoTests.swift */ = {isa = PBXFileReference; lastKnownFileType = sourcecode.swift; path = YXSwiftUIDemoTests.swift; sourceTree = "<group>"; };
		84724D352660910500DADC71 /* Info.plist */ = {isa = PBXFileReference; lastKnownFileType = text.plist.xml; path = Info.plist; sourceTree = "<group>"; };
		84724D3A2660910500DADC71 /* YXSwiftUIDemoUITests.xctest */ = {isa = PBXFileReference; explicitFileType = wrapper.cfbundle; includeInIndex = 0; path = YXSwiftUIDemoUITests.xctest; sourceTree = BUILT_PRODUCTS_DIR; };
		84724D3E2660910500DADC71 /* YXSwiftUIDemoUITests.swift */ = {isa = PBXFileReference; lastKnownFileType = sourcecode.swift; path = YXSwiftUIDemoUITests.swift; sourceTree = "<group>"; };
		84724D402660910500DADC71 /* Info.plist */ = {isa = PBXFileReference; lastKnownFileType = text.plist.xml; path = Info.plist; sourceTree = "<group>"; };
		849EA1CC2667579E00E8A41A /* CircleImgV.swift */ = {isa = PBXFileReference; fileEncoding = 4; lastKnownFileType = sourcecode.swift; path = CircleImgV.swift; sourceTree = "<group>"; };
		849EA1CD2667579E00E8A41A /* MapView.swift */ = {isa = PBXFileReference; fileEncoding = 4; lastKnownFileType = sourcecode.swift; path = MapView.swift; sourceTree = "<group>"; };
		849EA1CE2667579E00E8A41A /* MapDetailView.swift */ = {isa = PBXFileReference; fileEncoding = 4; lastKnownFileType = sourcecode.swift; path = MapDetailView.swift; sourceTree = "<group>"; };
		849EA1D326675BC100E8A41A /* ListView.swift */ = {isa = PBXFileReference; lastKnownFileType = sourcecode.swift; path = ListView.swift; sourceTree = "<group>"; };
		849EA1DB26675D3B00E8A41A /* landmarkData.json */ = {isa = PBXFileReference; fileEncoding = 4; lastKnownFileType = text.json; path = landmarkData.json; sourceTree = "<group>"; };
		849EA1DD26675D6300E8A41A /* ListCellView.swift */ = {isa = PBXFileReference; lastKnownFileType = sourcecode.swift; path = ListCellView.swift; sourceTree = "<group>"; };
		849EA1DF2667630C00E8A41A /* Data.swift */ = {isa = PBXFileReference; fileEncoding = 4; lastKnownFileType = sourcecode.swift; path = Data.swift; sourceTree = "<group>"; };
		849EA1E02667630C00E8A41A /* Landmark.swift */ = {isa = PBXFileReference; fileEncoding = 4; lastKnownFileType = sourcecode.swift; path = Landmark.swift; sourceTree = "<group>"; };
/* End PBXFileReference section */

/* Begin PBXFrameworksBuildPhase section */
		84724D1B2660910100DADC71 /* Frameworks */ = {
			isa = PBXFrameworksBuildPhase;
			buildActionMask = 2147483647;
			files = (
			);
			runOnlyForDeploymentPostprocessing = 0;
		};
		84724D2C2660910500DADC71 /* Frameworks */ = {
			isa = PBXFrameworksBuildPhase;
			buildActionMask = 2147483647;
			files = (
			);
			runOnlyForDeploymentPostprocessing = 0;
		};
		84724D372660910500DADC71 /* Frameworks */ = {
			isa = PBXFrameworksBuildPhase;
			buildActionMask = 2147483647;
			files = (
			);
			runOnlyForDeploymentPostprocessing = 0;
		};
/* End PBXFrameworksBuildPhase section */

/* Begin PBXGroup section */
		84724D152660910100DADC71 = {
			isa = PBXGroup;
			children = (
				84724D202660910100DADC71 /* YXSwiftUIDemo */,
				84724D322660910500DADC71 /* YXSwiftUIDemoTests */,
				84724D3D2660910500DADC71 /* YXSwiftUIDemoUITests */,
				84724D1F2660910100DADC71 /* Products */,
			);
			sourceTree = "<group>";
		};
		84724D1F2660910100DADC71 /* Products */ = {
			isa = PBXGroup;
			children = (
				84724D1E2660910100DADC71 /* YXSwiftUIDemo.app */,
				84724D2F2660910500DADC71 /* YXSwiftUIDemoTests.xctest */,
				84724D3A2660910500DADC71 /* YXSwiftUIDemoUITests.xctest */,
			);
			name = Products;
			sourceTree = "<group>";
		};
		84724D202660910100DADC71 /* YXSwiftUIDemo */ = {
			isa = PBXGroup;
			children = (
				849EA1DA26675D3700E8A41A /* Resource */,
				849EA1D526675C9200E8A41A /* Model */,
				849EA1D226675BB800E8A41A /* ListView */,
				849EA1CB2667579E00E8A41A /* MapView */,
				84724D212660910100DADC71 /* YXSwiftUIDemoApp.swift */,
				84724D252660910400DADC71 /* Assets.xcassets */,
				84724D2A2660910400DADC71 /* Info.plist */,
				84724D272660910400DADC71 /* Preview Content */,
			);
			path = YXSwiftUIDemo;
			sourceTree = "<group>";
		};
		84724D272660910400DADC71 /* Preview Content */ = {
			isa = PBXGroup;
			children = (
				84724D282660910400DADC71 /* Preview Assets.xcassets */,
			);
			path = "Preview Content";
			sourceTree = "<group>";
		};
		84724D322660910500DADC71 /* YXSwiftUIDemoTests */ = {
			isa = PBXGroup;
			children = (
				84724D332660910500DADC71 /* YXSwiftUIDemoTests.swift */,
				84724D352660910500DADC71 /* Info.plist */,
			);
			path = YXSwiftUIDemoTests;
			sourceTree = "<group>";
		};
		84724D3D2660910500DADC71 /* YXSwiftUIDemoUITests */ = {
			isa = PBXGroup;
			children = (
				84724D3E2660910500DADC71 /* YXSwiftUIDemoUITests.swift */,
				84724D402660910500DADC71 /* Info.plist */,
			);
			path = YXSwiftUIDemoUITests;
			sourceTree = "<group>";
		};
		849EA1CB2667579E00E8A41A /* MapView */ = {
			isa = PBXGroup;
			children = (
				849EA1CC2667579E00E8A41A /* CircleImgV.swift */,
				849EA1CD2667579E00E8A41A /* MapView.swift */,
				849EA1CE2667579E00E8A41A /* MapDetailView.swift */,
			);
			path = MapView;
			sourceTree = "<group>";
		};
		849EA1D226675BB800E8A41A /* ListView */ = {
			isa = PBXGroup;
			children = (
				849EA1D326675BC100E8A41A /* ListView.swift */,
				849EA1DD26675D6300E8A41A /* ListCellView.swift */,
			);
			path = ListView;
			sourceTree = "<group>";
		};
		849EA1D526675C9200E8A41A /* Model */ = {
			isa = PBXGroup;
			children = (
				849EA1DF2667630C00E8A41A /* Data.swift */,
				849EA1E02667630C00E8A41A /* Landmark.swift */,
			);
			path = Model;
			sourceTree = "<group>";
		};
		849EA1DA26675D3700E8A41A /* Resource */ = {
			isa = PBXGroup;
			children = (
				849EA1DB26675D3B00E8A41A /* landmarkData.json */,
			);
			path = Resource;
			sourceTree = "<group>";
		};
/* End PBXGroup section */

/* Begin PBXNativeTarget section */
		84724D1D2660910100DADC71 /* YXSwiftUIDemo */ = {
			isa = PBXNativeTarget;
			buildConfigurationList = 84724D432660910500DADC71 /* Build configuration list for PBXNativeTarget "YXSwiftUIDemo" */;
			buildPhases = (
				84724D1A2660910100DADC71 /* Sources */,
				84724D1B2660910100DADC71 /* Frameworks */,
				84724D1C2660910100DADC71 /* Resources */,
			);
			buildRules = (
			);
			dependencies = (
			);
			name = YXSwiftUIDemo;
			productName = YXSwiftUIDemo;
			productReference = 84724D1E2660910100DADC71 /* YXSwiftUIDemo.app */;
			productType = "com.apple.product-type.application";
		};
		84724D2E2660910500DADC71 /* YXSwiftUIDemoTests */ = {
			isa = PBXNativeTarget;
			buildConfigurationList = 84724D462660910500DADC71 /* Build configuration list for PBXNativeTarget "YXSwiftUIDemoTests" */;
			buildPhases = (
				84724D2B2660910500DADC71 /* Sources */,
				84724D2C2660910500DADC71 /* Frameworks */,
				84724D2D2660910500DADC71 /* Resources */,
			);
			buildRules = (
			);
			dependencies = (
				84724D312660910500DADC71 /* PBXTargetDependency */,
			);
			name = YXSwiftUIDemoTests;
			productName = YXSwiftUIDemoTests;
			productReference = 84724D2F2660910500DADC71 /* YXSwiftUIDemoTests.xctest */;
			productType = "com.apple.product-type.bundle.unit-test";
		};
		84724D392660910500DADC71 /* YXSwiftUIDemoUITests */ = {
			isa = PBXNativeTarget;
			buildConfigurationList = 84724D492660910500DADC71 /* Build configuration list for PBXNativeTarget "YXSwiftUIDemoUITests" */;
			buildPhases = (
				84724D362660910500DADC71 /* Sources */,
				84724D372660910500DADC71 /* Frameworks */,
				84724D382660910500DADC71 /* Resources */,
			);
			buildRules = (
			);
			dependencies = (
				84724D3C2660910500DADC71 /* PBXTargetDependency */,
			);
			name = YXSwiftUIDemoUITests;
			productName = YXSwiftUIDemoUITests;
			productReference = 84724D3A2660910500DADC71 /* YXSwiftUIDemoUITests.xctest */;
			productType = "com.apple.product-type.bundle.ui-testing";
		};
/* End PBXNativeTarget section */

/* Begin PBXProject section */
		84724D162660910100DADC71 /* Project object */ = {
			isa = PBXProject;
			attributes = {
				LastSwiftUpdateCheck = 1250;
				LastUpgradeCheck = 1250;
				TargetAttributes = {
					84724D1D2660910100DADC71 = {
						CreatedOnToolsVersion = 12.5;
					};
					84724D2E2660910500DADC71 = {
						CreatedOnToolsVersion = 12.5;
						TestTargetID = 84724D1D2660910100DADC71;
					};
					84724D392660910500DADC71 = {
						CreatedOnToolsVersion = 12.5;
						TestTargetID = 84724D1D2660910100DADC71;
					};
				};
			};
			buildConfigurationList = 84724D192660910100DADC71 /* Build configuration list for PBXProject "YXSwiftUIDemo" */;
			compatibilityVersion = "Xcode 9.3";
			developmentRegion = en;
			hasScannedForEncodings = 0;
			knownRegions = (
				en,
				Base,
			);
			mainGroup = 84724D152660910100DADC71;
			productRefGroup = 84724D1F2660910100DADC71 /* Products */;
			projectDirPath = "";
			projectRoot = "";
			targets = (
				84724D1D2660910100DADC71 /* YXSwiftUIDemo */,
				84724D2E2660910500DADC71 /* YXSwiftUIDemoTests */,
				84724D392660910500DADC71 /* YXSwiftUIDemoUITests */,
			);
		};
/* End PBXProject section */

/* Begin PBXResourcesBuildPhase section */
		84724D1C2660910100DADC71 /* Resources */ = {
			isa = PBXResourcesBuildPhase;
			buildActionMask = 2147483647;
			files = (
				84724D292660910400DADC71 /* Preview Assets.xcassets in Resources */,
				84724D262660910400DADC71 /* Assets.xcassets in Resources */,
				849EA1DC26675D3B00E8A41A /* landmarkData.json in Resources */,
			);
			runOnlyForDeploymentPostprocessing = 0;
		};
		84724D2D2660910500DADC71 /* Resources */ = {
			isa = PBXResourcesBuildPhase;
			buildActionMask = 2147483647;
			files = (
			);
			runOnlyForDeploymentPostprocessing = 0;
		};
		84724D382660910500DADC71 /* Resources */ = {
			isa = PBXResourcesBuildPhase;
			buildActionMask = 2147483647;
			files = (
			);
			runOnlyForDeploymentPostprocessing = 0;
		};
/* End PBXResourcesBuildPhase section */

/* Begin PBXSourcesBuildPhase section */
		84724D1A2660910100DADC71 /* Sources */ = {
			isa = PBXSourcesBuildPhase;
			buildActionMask = 2147483647;
			files = (
				849EA1E12667630C00E8A41A /* Data.swift in Sources */,
				849EA1CF2667579E00E8A41A /* CircleImgV.swift in Sources */,
				849EA1D02667579E00E8A41A /* MapView.swift in Sources */,
				849EA1E22667630C00E8A41A /* Landmark.swift in Sources */,
				849EA1D426675BC100E8A41A /* ListView.swift in Sources */,
				849EA1DE26675D6300E8A41A /* ListCellView.swift in Sources */,
				849EA1D12667579E00E8A41A /* MapDetailView.swift in Sources */,
				84724D222660910100DADC71 /* YXSwiftUIDemoApp.swift in Sources */,
			);
			runOnlyForDeploymentPostprocessing = 0;
		};
		84724D2B2660910500DADC71 /* Sources */ = {
			isa = PBXSourcesBuildPhase;
			buildActionMask = 2147483647;
			files = (
				84724D342660910500DADC71 /* YXSwiftUIDemoTests.swift in Sources */,
			);
			runOnlyForDeploymentPostprocessing = 0;
		};
		84724D362660910500DADC71 /* Sources */ = {
			isa = PBXSourcesBuildPhase;
			buildActionMask = 2147483647;
			files = (
				84724D3F2660910500DADC71 /* YXSwiftUIDemoUITests.swift in Sources */,
			);
			runOnlyForDeploymentPostprocessing = 0;
		};
/* End PBXSourcesBuildPhase section */

/* Begin PBXTargetDependency section */
		84724D312660910500DADC71 /* PBXTargetDependency */ = {
			isa = PBXTargetDependency;
			target = 84724D1D2660910100DADC71 /* YXSwiftUIDemo */;
			targetProxy = 84724D302660910500DADC71 /* PBXContainerItemProxy */;
		};
		84724D3C2660910500DADC71 /* PBXTargetDependency */ = {
			isa = PBXTargetDependency;
			target = 84724D1D2660910100DADC71 /* YXSwiftUIDemo */;
			targetProxy = 84724D3B2660910500DADC71 /* PBXContainerItemProxy */;
		};
/* End PBXTargetDependency section */

/* Begin XCBuildConfiguration section */
		84724D412660910500DADC71 /* Debug */ = {
			isa = XCBuildConfiguration;
			buildSettings = {
				ALWAYS_SEARCH_USER_PATHS = NO;
				CLANG_ANALYZER_NONNULL = YES;
				CLANG_ANALYZER_NUMBER_OBJECT_CONVERSION = YES_AGGRESSIVE;
				CLANG_CXX_LANGUAGE_STANDARD = "gnu++14";
				CLANG_CXX_LIBRARY = "libc++";
				CLANG_ENABLE_MODULES = YES;
				CLANG_ENABLE_OBJC_ARC = YES;
				CLANG_ENABLE_OBJC_WEAK = YES;
				CLANG_WARN_BLOCK_CAPTURE_AUTORELEASING = YES;
				CLANG_WARN_BOOL_CONVERSION = YES;
				CLANG_WARN_COMMA = YES;
				CLANG_WARN_CONSTANT_CONVERSION = YES;
				CLANG_WARN_DEPRECATED_OBJC_IMPLEMENTATIONS = YES;
				CLANG_WARN_DIRECT_OBJC_ISA_USAGE = YES_ERROR;
				CLANG_WARN_DOCUMENTATION_COMMENTS = YES;
				CLANG_WARN_EMPTY_BODY = YES;
				CLANG_WARN_ENUM_CONVERSION = YES;
				CLANG_WARN_INFINITE_RECURSION = YES;
				CLANG_WARN_INT_CONVERSION = YES;
				CLANG_WARN_NON_LITERAL_NULL_CONVERSION = YES;
				CLANG_WARN_OBJC_IMPLICIT_RETAIN_SELF = YES;
				CLANG_WARN_OBJC_LITERAL_CONVERSION = YES;
				CLANG_WARN_OBJC_ROOT_CLASS = YES_ERROR;
				CLANG_WARN_QUOTED_INCLUDE_IN_FRAMEWORK_HEADER = YES;
				CLANG_WARN_RANGE_LOOP_ANALYSIS = YES;
				CLANG_WARN_STRICT_PROTOTYPES = YES;
				CLANG_WARN_SUSPICIOUS_MOVE = YES;
				CLANG_WARN_UNGUARDED_AVAILABILITY = YES_AGGRESSIVE;
				CLANG_WARN_UNREACHABLE_CODE = YES;
				CLANG_WARN__DUPLICATE_METHOD_MATCH = YES;
				COPY_PHASE_STRIP = NO;
				DEBUG_INFORMATION_FORMAT = dwarf;
				ENABLE_STRICT_OBJC_MSGSEND = YES;
				ENABLE_TESTABILITY = YES;
				GCC_C_LANGUAGE_STANDARD = gnu11;
				GCC_DYNAMIC_NO_PIC = NO;
				GCC_NO_COMMON_BLOCKS = YES;
				GCC_OPTIMIZATION_LEVEL = 0;
				GCC_PREPROCESSOR_DEFINITIONS = (
					"DEBUG=1",
					"$(inherited)",
				);
				GCC_WARN_64_TO_32_BIT_CONVERSION = YES;
				GCC_WARN_ABOUT_RETURN_TYPE = YES_ERROR;
				GCC_WARN_UNDECLARED_SELECTOR = YES;
				GCC_WARN_UNINITIALIZED_AUTOS = YES_AGGRESSIVE;
				GCC_WARN_UNUSED_FUNCTION = YES;
				GCC_WARN_UNUSED_VARIABLE = YES;
				IPHONEOS_DEPLOYMENT_TARGET = 14.1;
				MTL_ENABLE_DEBUG_INFO = INCLUDE_SOURCE;
				MTL_FAST_MATH = YES;
				ONLY_ACTIVE_ARCH = YES;
				SDKROOT = iphoneos;
				SWIFT_ACTIVE_COMPILATION_CONDITIONS = DEBUG;
				SWIFT_OPTIMIZATION_LEVEL = "-Onone";
			};
			name = Debug;
		};
		84724D422660910500DADC71 /* Release */ = {
			isa = XCBuildConfiguration;
			buildSettings = {
				ALWAYS_SEARCH_USER_PATHS = NO;
				CLANG_ANALYZER_NONNULL = YES;
				CLANG_ANALYZER_NUMBER_OBJECT_CONVERSION = YES_AGGRESSIVE;
				CLANG_CXX_LANGUAGE_STANDARD = "gnu++14";
				CLANG_CXX_LIBRARY = "libc++";
				CLANG_ENABLE_MODULES = YES;
				CLANG_ENABLE_OBJC_ARC = YES;
				CLANG_ENABLE_OBJC_WEAK = YES;
				CLANG_WARN_BLOCK_CAPTURE_AUTORELEASING = YES;
				CLANG_WARN_BOOL_CONVERSION = YES;
				CLANG_WARN_COMMA = YES;
				CLANG_WARN_CONSTANT_CONVERSION = YES;
				CLANG_WARN_DEPRECATED_OBJC_IMPLEMENTATIONS = YES;
				CLANG_WARN_DIRECT_OBJC_ISA_USAGE = YES_ERROR;
				CLANG_WARN_DOCUMENTATION_COMMENTS = YES;
				CLANG_WARN_EMPTY_BODY = YES;
				CLANG_WARN_ENUM_CONVERSION = YES;
				CLANG_WARN_INFINITE_RECURSION = YES;
				CLANG_WARN_INT_CONVERSION = YES;
				CLANG_WARN_NON_LITERAL_NULL_CONVERSION = YES;
				CLANG_WARN_OBJC_IMPLICIT_RETAIN_SELF = YES;
				CLANG_WARN_OBJC_LITERAL_CONVERSION = YES;
				CLANG_WARN_OBJC_ROOT_CLASS = YES_ERROR;
				CLANG_WARN_QUOTED_INCLUDE_IN_FRAMEWORK_HEADER = YES;
				CLANG_WARN_RANGE_LOOP_ANALYSIS = YES;
				CLANG_WARN_STRICT_PROTOTYPES = YES;
				CLANG_WARN_SUSPICIOUS_MOVE = YES;
				CLANG_WARN_UNGUARDED_AVAILABILITY = YES_AGGRESSIVE;
				CLANG_WARN_UNREACHABLE_CODE = YES;
				CLANG_WARN__DUPLICATE_METHOD_MATCH = YES;
				COPY_PHASE_STRIP = NO;
				DEBUG_INFORMATION_FORMAT = "dwarf-with-dsym";
				ENABLE_NS_ASSERTIONS = NO;
				ENABLE_STRICT_OBJC_MSGSEND = YES;
				GCC_C_LANGUAGE_STANDARD = gnu11;
				GCC_NO_COMMON_BLOCKS = YES;
				GCC_WARN_64_TO_32_BIT_CONVERSION = YES;
				GCC_WARN_ABOUT_RETURN_TYPE = YES_ERROR;
				GCC_WARN_UNDECLARED_SELECTOR = YES;
				GCC_WARN_UNINITIALIZED_AUTOS = YES_AGGRESSIVE;
				GCC_WARN_UNUSED_FUNCTION = YES;
				GCC_WARN_UNUSED_VARIABLE = YES;
				IPHONEOS_DEPLOYMENT_TARGET = 14.1;
				MTL_ENABLE_DEBUG_INFO = NO;
				MTL_FAST_MATH = YES;
				SDKROOT = iphoneos;
				SWIFT_COMPILATION_MODE = wholemodule;
				SWIFT_OPTIMIZATION_LEVEL = "-O";
				VALIDATE_PRODUCT = YES;
			};
			name = Release;
		};
		84724D442660910500DADC71 /* Debug */ = {
			isa = XCBuildConfiguration;
			buildSettings = {
				ASSETCATALOG_COMPILER_APPICON_NAME = AppIcon;
				ASSETCATALOG_COMPILER_GLOBAL_ACCENT_COLOR_NAME = AccentColor;
				CODE_SIGN_STYLE = Automatic;
				DEVELOPMENT_ASSET_PATHS = "\"YXSwiftUIDemo/Preview Content\"";
				DEVELOPMENT_TEAM = 2HSQ24Z864;
				ENABLE_PREVIEWS = YES;
				INFOPLIST_FILE = YXSwiftUIDemo/Info.plist;
				IPHONEOS_DEPLOYMENT_TARGET = 14.1;
				LD_RUNPATH_SEARCH_PATHS = (
					"$(inherited)",
					"@executable_path/Frameworks",
				);
				PRODUCT_BUNDLE_IDENTIFIER = com.yx49.YXSwiftUIDemo;
				PRODUCT_NAME = "$(TARGET_NAME)";
				SWIFT_VERSION = 5.0;
				TARGETED_DEVICE_FAMILY = 1;
			};
			name = Debug;
		};
		84724D452660910500DADC71 /* Release */ = {
			isa = XCBuildConfiguration;
			buildSettings = {
				ASSETCATALOG_COMPILER_APPICON_NAME = AppIcon;
				ASSETCATALOG_COMPILER_GLOBAL_ACCENT_COLOR_NAME = AccentColor;
				CODE_SIGN_STYLE = Automatic;
				DEVELOPMENT_ASSET_PATHS = "\"YXSwiftUIDemo/Preview Content\"";
				DEVELOPMENT_TEAM = 2HSQ24Z864;
				ENABLE_PREVIEWS = YES;
				INFOPLIST_FILE = YXSwiftUIDemo/Info.plist;
				IPHONEOS_DEPLOYMENT_TARGET = 14.1;
				LD_RUNPATH_SEARCH_PATHS = (
					"$(inherited)",
					"@executable_path/Frameworks",
				);
				PRODUCT_BUNDLE_IDENTIFIER = com.yx49.YXSwiftUIDemo;
				PRODUCT_NAME = "$(TARGET_NAME)";
				SWIFT_VERSION = 5.0;
				TARGETED_DEVICE_FAMILY = 1;
			};
			name = Release;
		};
		84724D472660910500DADC71 /* Debug */ = {
			isa = XCBuildConfiguration;
			buildSettings = {
				ALWAYS_EMBED_SWIFT_STANDARD_LIBRARIES = YES;
				BUNDLE_LOADER = "$(TEST_HOST)";
				CODE_SIGN_STYLE = Automatic;
				INFOPLIST_FILE = YXSwiftUIDemoTests/Info.plist;
				IPHONEOS_DEPLOYMENT_TARGET = 14.0;
				LD_RUNPATH_SEARCH_PATHS = (
					"$(inherited)",
					"@executable_path/Frameworks",
					"@loader_path/Frameworks",
				);
				PRODUCT_BUNDLE_IDENTIFIER = com.yx49.com.YXSwiftUIDemoTests;
				PRODUCT_NAME = "$(TARGET_NAME)";
				SWIFT_VERSION = 5.0;
				TARGETED_DEVICE_FAMILY = "1,2";
				TEST_HOST = "$(BUILT_PRODUCTS_DIR)/YXSwiftUIDemo.app/YXSwiftUIDemo";
			};
			name = Debug;
		};
		84724D482660910500DADC71 /* Release */ = {
			isa = XCBuildConfiguration;
			buildSettings = {
				ALWAYS_EMBED_SWIFT_STANDARD_LIBRARIES = YES;
				BUNDLE_LOADER = "$(TEST_HOST)";
				CODE_SIGN_STYLE = Automatic;
				INFOPLIST_FILE = YXSwiftUIDemoTests/Info.plist;
				IPHONEOS_DEPLOYMENT_TARGET = 14.0;
				LD_RUNPATH_SEARCH_PATHS = (
					"$(inherited)",
					"@executable_path/Frameworks",
					"@loader_path/Frameworks",
				);
				PRODUCT_BUNDLE_IDENTIFIER = com.yx49.com.YXSwiftUIDemoTests;
				PRODUCT_NAME = "$(TARGET_NAME)";
				SWIFT_VERSION = 5.0;
				TARGETED_DEVICE_FAMILY = "1,2";
				TEST_HOST = "$(BUILT_PRODUCTS_DIR)/YXSwiftUIDemo.app/YXSwiftUIDemo";
			};
			name = Release;
		};
		84724D4A2660910500DADC71 /* Debug */ = {
			isa = XCBuildConfiguration;
			buildSettings = {
				ALWAYS_EMBED_SWIFT_STANDARD_LIBRARIES = YES;
				CODE_SIGN_STYLE = Automatic;
				INFOPLIST_FILE = YXSwiftUIDemoUITests/Info.plist;
				LD_RUNPATH_SEARCH_PATHS = (
					"$(inherited)",
					"@executable_path/Frameworks",
					"@loader_path/Frameworks",
				);
				PRODUCT_BUNDLE_IDENTIFIER = com.yx49.com.YXSwiftUIDemoUITests;
				PRODUCT_NAME = "$(TARGET_NAME)";
				SWIFT_VERSION = 5.0;
				TARGETED_DEVICE_FAMILY = "1,2";
				TEST_TARGET_NAME = YXSwiftUIDemo;
			};
			name = Debug;
		};
		84724D4B2660910500DADC71 /* Release */ = {
			isa = XCBuildConfiguration;
			buildSettings = {
				ALWAYS_EMBED_SWIFT_STANDARD_LIBRARIES = YES;
				CODE_SIGN_STYLE = Automatic;
				INFOPLIST_FILE = YXSwiftUIDemoUITests/Info.plist;
				LD_RUNPATH_SEARCH_PATHS = (
					"$(inherited)",
					"@executable_path/Frameworks",
					"@loader_path/Frameworks",
				);
				PRODUCT_BUNDLE_IDENTIFIER = com.yx49.com.YXSwiftUIDemoUITests;
				PRODUCT_NAME = "$(TARGET_NAME)";
				SWIFT_VERSION = 5.0;
				TARGETED_DEVICE_FAMILY = "1,2";
				TEST_TARGET_NAME = YXSwiftUIDemo;
			};
			name = Release;
		};
/* End XCBuildConfiguration section */

/* Begin XCConfigurationList section */
		84724D192660910100DADC71 /* Build configuration list for PBXProject "YXSwiftUIDemo" */ = {
			isa = XCConfigurationList;
			buildConfigurations = (
				84724D412660910500DADC71 /* Debug */,
				84724D422660910500DADC71 /* Release */,
			);
			defaultConfigurationIsVisible = 0;
			defaultConfigurationName = Release;
		};
		84724D432660910500DADC71 /* Build configuration list for PBXNativeTarget "YXSwiftUIDemo" */ = {
			isa = XCConfigurationList;
			buildConfigurations = (
				84724D442660910500DADC71 /* Debug */,
				84724D452660910500DADC71 /* Release */,
			);
			defaultConfigurationIsVisible = 0;
			defaultConfigurationName = Release;
		};
		84724D462660910500DADC71 /* Build configuration list for PBXNativeTarget "YXSwiftUIDemoTests" */ = {
			isa = XCConfigurationList;
			buildConfigurations = (
				84724D472660910500DADC71 /* Debug */,
				84724D482660910500DADC71 /* Release */,
			);
			defaultConfigurationIsVisible = 0;
			defaultConfigurationName = Release;
		};
		84724D492660910500DADC71 /* Build configuration list for PBXNativeTarget "YXSwiftUIDemoUITests" */ = {
			isa = XCConfigurationList;
			buildConfigurations = (
				84724D4A2660910500DADC71 /* Debug */,
				84724D4B2660910500DADC71 /* Release */,
			);
			defaultConfigurationIsVisible = 0;
			defaultConfigurationName = Release;
		};
/* End XCConfigurationList section */
	};
	rootObject = 84724D162660910100DADC71 /* Project object */;
}
